<?xml version="1.0" encoding="utf-8"?>
<Project ToolsVersion="4.0" xmlns="http://schemas.microsoft.com/developer/msbuild/2003">
  <ItemGroup>
    <Filter Include="Исходные файлы">
      <UniqueIdentifier>{4FC737F1-C7A5-4376-A066-2A32D752A2FF}</UniqueIdentifier>
      <Extensions>cpp;c;cc;cxx;c++;cppm;ixx;def;odl;idl;hpj;bat;asm;asmx</Extensions>
    </Filter>
    <Filter Include="Файлы заголовков">
      <UniqueIdentifier>{93995380-89BD-4b04-88EB-625FBE52EBFB}</UniqueIdentifier>
      <Extensions>h;hh;hpp;hxx;h++;hm;inl;inc;ipp;xsd</Extensions>
    </Filter>
    <Filter Include="Файлы ресурсов">
      <UniqueIdentifier>{67DA6AB6-F800-4c08-8B7A-83BB121AAD01}</UniqueIdentifier>
      <Extensions>rc;ico;cur;bmp;dlg;rc2;rct;bin;rgs;gif;jpg;jpeg;jpe;resx;tiff;tif;png;wav;mfcribbon-ms</Extensions>
    </Filter>
    <Filter Include="Исходные файлы\QuadraticEquation">
      <UniqueIdentifier>{46f2f7a2-c1ef-4668-8dd5-a6bdb4787f3b}</UniqueIdentifier>
    </Filter>
    <Filter Include="Исходные файлы\Student">
      <UniqueIdentifier>{f0b3b644-d404-4ac0-af72-a7a1562faa22}</UniqueIdentifier>
    </Filter>
    <Filter Include="Исходные файлы\Submission">
      <UniqueIdentifier>{702c4f1d-562c-46c3-b03c-9f5f17187762}</UniqueIdentifier>
    </Filter>
  </ItemGroup>
  <ItemGroup>
    <ClCompile Include="main.cpp">
      <Filter>Исходные файлы</Filter>
    </ClCompile>
    <ClCompile Include="QuadraticEquation.cpp">
      <Filter>Исходные файлы\QuadraticEquation</Filter>
    </ClCompile>
    <ClCompile Include="Solution.cpp">
      <Filter>Исходные файлы\QuadraticEquation</Filter>
    </ClCompile>
    <ClCompile Include="GoodStudent.cpp">
      <Filter>Исходные файлы\Student</Filter>
    </ClCompile>
    <ClCompile Include="BadStudent.cpp">
      <Filter>Исходные файлы\Student</Filter>
    </ClCompile>
    <ClCompile Include="AverageStudent.cpp">
      <Filter>Исходные файлы\Student</Filter>
    </ClCompile>
    <ClCompile Include="Submission.cpp">
      <Filter>Исходные файлы\Submission</Filter>
    </ClCompile>
  </ItemGroup>
  <ItemGroup>
    <ClInclude Include="QuadraticEquation.h">
      <Filter>Исходные файлы\QuadraticEquation</Filter>
    </ClInclude>
    <ClInclude Include="Solution.h">
      <Filter>Исходные файлы\QuadraticEquation</Filter>
    </ClInclude>
    <ClInclude Include="Student.h">
      <Filter>Исходные файлы\Student</Filter>
    </ClInclude>
    <ClInclude Include="GoodStudent.h">
      <Filter>Исходные файлы\Student</Filter>
    </ClInclude>
    <ClInclude Include="BadStudent.h">
      <Filter>Исходные файлы\Student</Filter>
    </ClInclude>
    <ClInclude Include="AverageStudent.h">
      <Filter>Исходные файлы\Student</Filter>
    </ClInclude>
    <ClInclude Include="Submission.h">
      <Filter>Исходные файлы\Submission</Filter>
    </ClInclude>
  </ItemGroup>
</Project>