
Microsoft Visual Studio Solution File, Format Version 12.00
# Visual Studio Version 17
VisualStudioVersion = 17.14.36414.22 d17.14
MinimumVisualStudioVersion = 10.0.40219.1
Project("{8BC9CEB8-8B4A-11D0-8D11-00A0C91BC942}") = "lab1", "lab1.vcxproj", "{BD446A1D-AA56-40D7-8A71-A4125F89C5C6}"
EndProject
Global
	GlobalSection(SolutionConfigurationPlatforms) = preSolution
		Debug|x64 = Debug|x64
		Debug|x86 = Debug|x86
		Release|x64 = Release|x64
		Release|x86 = Release|x86
	EndGlobalSection
	GlobalSection(ProjectConfigurationPlatforms) = postSolution
		{BD446A1D-AA56-40D7-8A71-A4125F89C5C6}.Debug|x64.ActiveCfg = Debug|x64
		{BD446A1D-AA56-40D7-8A71-A4125F89C5C6}.Debug|x64.Build.0 = Debug|x64
		{BD446A1D-AA56-40D7-8A71-A4125F89C5C6}.Debug|x86.ActiveCfg = Debug|Win32
		{BD446A1D-AA56-40D7-8A71-A4125F89C5C6}.Debug|x86.Build.0 = Debug|Win32
		{BD446A1D-AA56-40D7-8A71-A4125F89C5C6}.Release|x64.ActiveCfg = Release|x64
		{BD446A1D-AA56-40D7-8A71-A4125F89C5C6}.Release|x64.Build.0 = Release|x64
		{BD446A1D-AA56-40D7-8A71-A4125F89C5C6}.Release|x86.ActiveCfg = Release|Win32
		{BD446A1D-AA56-40D7-8A71-A4125F89C5C6}.Release|x86.Build.0 = Release|Win32
	EndGlobalSection
	GlobalSection(SolutionProperties) = preSolution
		HideSolutionNode = FALSE
	EndGlobalSection
	GlobalSection(ExtensibilityGlobals) = postSolution
		SolutionGuid = {CBC46F8A-6386-4889-A42C-1AB25E782F02}
	EndGlobalSection
EndGlobal
